<?xml version="1.0" encoding="utf-8"?>
<Project ToolsVersion="4.0" xmlns="http://schemas.microsoft.com/developer/msbuild/2003">
  <ItemGroup>
    <Filter Include="资源文件">
      <UniqueIdentifier>{67DA6AB6-F800-4c08-8B7A-83BB121AAD01}</UniqueIdentifier>
      <Extensions>rc;ico;cur;bmp;dlg;rc2;rct;bin;rgs;gif;jpg;jpeg;jpe;resx;tiff;tif;png;wav;mfcribbon-ms</Extensions>
    </Filter>
    <Filter Include="Game">
      <UniqueIdentifier>{45dea33a-aef0-4921-a003-0f7dcb1dd2dd}</UniqueIdentifier>
    </Filter>
    <Filter Include="Engine">
      <UniqueIdentifier>{e5dcae88-014a-46fe-a956-a389dc7d876f}</UniqueIdentifier>
    </Filter>
    <Filter Include="Other">
      <UniqueIdentifier>{8195e466-02c5-4e0d-b388-6ca26908ff05}</UniqueIdentifier>
    </Filter>
    <Filter Include="Engine\Scene">
      <UniqueIdentifier>{1e07dd1b-f9ce-4f7a-a80e-39367f561270}</UniqueIdentifier>
    </Filter>
    <Filter Include="Engine\Window">
      <UniqueIdentifier>{ae9309f9-7998-4555-a613-f6d1896fc633}</UniqueIdentifier>
    </Filter>
    <Filter Include="Main">
      <UniqueIdentifier>{c77ec068-59cc-425c-8468-b2d9f0bc29ee}</UniqueIdentifier>
    </Filter>
    <Filter Include="Engine\IputSystem">
      <UniqueIdentifier>{6e9a72f7-f55b-47a9-b2a7-8cdae7bdaae7}</UniqueIdentifier>
    </Filter>
    <Filter Include="Engine\RHI">
      <UniqueIdentifier>{ae4faf6e-aeed-44c0-b2db-35202d6023e8}</UniqueIdentifier>
    </Filter>
    <Filter Include="Engine\RHI\DX12RHI">
      <UniqueIdentifier>{59fa7ddf-5e2c-454f-8705-bfd6ebe49985}</UniqueIdentifier>
    </Filter>
    <Filter Include="Engine\Render">
      <UniqueIdentifier>{373445c2-5885-4b38-8b1e-1fcec0a82282}</UniqueIdentifier>
    </Filter>
    <Filter Include="Engine\Resource">
      <UniqueIdentifier>{dfe5c600-a45e-4642-822d-c87f4d3a46e7}</UniqueIdentifier>
    </Filter>
    <Filter Include="Engine\Resource\GPUResource">
      <UniqueIdentifier>{4a6f3ead-9968-468b-93d1-7597398ae9f5}</UniqueIdentifier>
    </Filter>
    <Filter Include="Engine\Resource\DX12Resource">
      <UniqueIdentifier>{58d35e25-5b39-4fa2-8083-94fbe5809bfb}</UniqueIdentifier>
    </Filter>
    <Filter Include="Engine\ResourceManage">
      <UniqueIdentifier>{e254202e-bd9f-4bf5-8e05-7281fe48d945}</UniqueIdentifier>
    </Filter>
  </ItemGroup>
  <ItemGroup>
    <ClInclude Include="Win32Window.h">
      <Filter>Engine\Window</Filter>
    </ClInclude>
    <ClInclude Include="Window.h">
      <Filter>Engine\Window</Filter>
    </ClInclude>
    <ClInclude Include="UpLoadBuffer.h">
      <Filter>Other</Filter>
    </ClInclude>
    <ClInclude Include="stdafx.h">
      <Filter>Other</Filter>
    </ClInclude>
    <ClInclude Include="d3dx12.h">
      <Filter>Other</Filter>
    </ClInclude>
    <ClInclude Include="d3dUtil.h">
      <Filter>Other</Filter>
    </ClInclude>
    <ClInclude Include="Camera.h">
      <Filter>Engine\Scene</Filter>
    </ClInclude>
    <ClInclude Include="Scene.h">
      <Filter>Engine\Scene</Filter>
    </ClInclude>
    <ClInclude Include="Engine.h">
      <Filter>Engine</Filter>
    </ClInclude>
    <ClInclude Include="GameLogic.h">
      <Filter>Game</Filter>
    </ClInclude>
    <ClInclude Include="GameInstance.h">
      <Filter>Game</Filter>
    </ClInclude>
    <ClInclude Include="InputSystem.h">
      <Filter>Engine\IputSystem</Filter>
    </ClInclude>
    <ClInclude Include="Singleton.h">
      <Filter>Other</Filter>
    </ClInclude>
    <ClInclude Include="DDSTextureLoader.h">
      <Filter>Other</Filter>
    </ClInclude>
    <ClInclude Include="DX12RHI.h">
      <Filter>Engine\RHI\DX12RHI</Filter>
    </ClInclude>
    <ClInclude Include="RHI.h">
      <Filter>Engine\RHI</Filter>
    </ClInclude>
    <ClInclude Include="Render.h">
      <Filter>Engine\Render</Filter>
    </ClInclude>
    <ClInclude Include="StoWS.h">
      <Filter>Other</Filter>
    </ClInclude>
    <ClInclude Include="GameTimer.h">
      <Filter>Other</Filter>
    </ClInclude>
    <ClInclude Include="ResourceManage.h">
      <Filter>Engine\ResourceManage</Filter>
    </ClInclude>
    <ClInclude Include="DX12Mesh.h">
      <Filter>Engine\Resource\DX12Resource</Filter>
    </ClInclude>
    <ClInclude Include="DX12Primitive.h">
      <Filter>Engine\Resource\DX12Resource</Filter>
    </ClInclude>
    <ClInclude Include="DX12Texture.h">
      <Filter>Engine\Resource\DX12Resource</Filter>
    </ClInclude>
    <ClInclude Include="CommonBuffer.h">
      <Filter>Engine\Resource\GPUResource</Filter>
    </ClInclude>
    <ClInclude Include="Mesh.h">
      <Filter>Engine\Resource\GPUResource</Filter>
    </ClInclude>
    <ClInclude Include="Primitive.h">
      <Filter>Engine\Resource\GPUResource</Filter>
    </ClInclude>
    <ClInclude Include="Texture.h">
      <Filter>Engine\Resource\GPUResource</Filter>
    </ClInclude>
    <ClInclude Include="ShadowMap.h" />
    <ClInclude Include="DescHeapManager.h" />
  </ItemGroup>
  <ItemGroup>
    <ClCompile Include="Win32Window.cpp">
      <Filter>Engine\Window</Filter>
    </ClCompile>
    <ClCompile Include="Window.cpp">
      <Filter>Engine\Window</Filter>
    </ClCompile>
    <ClCompile Include="d3dUtil.cpp">
      <Filter>Other</Filter>
    </ClCompile>
    <ClCompile Include="stdafx.cpp">
      <Filter>Other</Filter>
    </ClCompile>
    <ClCompile Include="Camera.cpp">
      <Filter>Engine\Scene</Filter>
    </ClCompile>
    <ClCompile Include="Scene.cpp">
      <Filter>Engine\Scene</Filter>
    </ClCompile>
    <ClCompile Include="Engine.cpp">
      <Filter>Engine</Filter>
    </ClCompile>
    <ClCompile Include="Main.cpp">
      <Filter>Main</Filter>
    </ClCompile>
    <ClCompile Include="WinMain.cpp">
      <Filter>Main</Filter>
    </ClCompile>
    <ClCompile Include="GameInstance.cpp">
      <Filter>Game</Filter>
    </ClCompile>
    <ClCompile Include="GameLogic.cpp">
      <Filter>Game</Filter>
    </ClCompile>
    <ClCompile Include="InputSystem.cpp">
      <Filter>Engine\IputSystem</Filter>
    </ClCompile>
    <ClCompile Include="DDSTextureLoader.cpp">
      <Filter>Other</Filter>
    </ClCompile>
    <ClCompile Include="DX12RHI.cpp">
      <Filter>Engine\RHI\DX12RHI</Filter>
    </ClCompile>
    <ClCompile Include="RHI.cpp">
      <Filter>Engine\RHI</Filter>
    </ClCompile>
    <ClCompile Include="Render.cpp">
      <Filter>Engine\Render</Filter>
    </ClCompile>
    <ClCompile Include="GameTimer.cpp">
      <Filter>Other</Filter>
    </ClCompile>
    <ClCompile Include="ResourceManage.cpp">
      <Filter>Engine\ResourceManage</Filter>
    </ClCompile>
    <ClCompile Include="DX12Mesh.cpp">
      <Filter>Engine\Resource\DX12Resource</Filter>
    </ClCompile>
    <ClCompile Include="DX12Primitive.cpp">
      <Filter>Engine\Resource\DX12Resource</Filter>
    </ClCompile>
    <ClCompile Include="DX12Texture.cpp">
      <Filter>Engine\Resource\DX12Resource</Filter>
    </ClCompile>
    <ClCompile Include="CommonBuffer.cpp">
      <Filter>Engine\Resource\GPUResource</Filter>
    </ClCompile>
    <ClCompile Include="Mesh.cpp">
      <Filter>Engine\Resource\GPUResource</Filter>
    </ClCompile>
    <ClCompile Include="Primitive.cpp">
      <Filter>Engine\Resource\GPUResource</Filter>
    </ClCompile>
    <ClCompile Include="Texture.cpp">
      <Filter>Engine\Resource\GPUResource</Filter>
    </ClCompile>
    <ClCompile Include="ShadowMap.cpp" />
    <ClCompile Include="DescHeapManager.cpp" />
  </ItemGroup>
  <ItemGroup>
    <None Include="CommonH.hlsli">
      <Filter>Other</Filter>
    </None>
    <None Include="ShadowH.hlsli">
      <Filter>Other</Filter>
    </None>
  </ItemGroup>
</Project>